{
  "name": "practice_private_blockchain",
  "version": "1.0.0",
  "lockfileVersion": 1,
  "requires": true,
  "dependencies": {
    "abstract-leveldown": {
      "version": "7.0.0",
      "resolved": "https://registry.nlark.com/abstract-leveldown/download/abstract-leveldown-7.0.0.tgz",
      "integrity": "sha1-GovDsH9QJ5OATUVqiB3BXO25vF0=",
      "requires": {
        "buffer": "^6.0.3",
        "is-buffer": "^2.0.5",
        "level-concat-iterator": "^3.0.0",
        "level-supports": "^2.0.0",
        "queue-microtask": "^1.2.3"
      }
    },
    "base64-js": {
      "version": "1.5.1",
      "resolved": "https://registry.nlark.com/base64-js/download/base64-js-1.5.1.tgz",
      "integrity": "sha1-GxtEAWClv3rUC2UPCVljSBkDkwo="
    },
    "buffer": {
      "version": "6.0.3",
      "resolved": "https://registry.nlark.com/buffer/download/buffer-6.0.3.tgz",
      "integrity": "sha1-Ks5XhFnMj74qcKqo9S7mO2p0xsY=",
      "requires": {
        "base64-js": "^1.3.1",
        "ieee754": "^1.2.1"
      }
    },
    "catering": {
      "version": "2.0.0",
      "resolved": "https://registry.nlark.com/catering/download/catering-2.0.0.tgz",
      "integrity": "sha1-Fc4xvL/6+/YoVep2d7Dl0jWBIz0="
    },
    "crypto-js": {
      "version": "3.3.0",
      "resolved": "https://registry.nlark.com/crypto-js/download/crypto-js-3.3.0.tgz",
      "integrity": "sha1-hG3RzOL2iqz6FWyFePkmpgm3l2s="
    },
    "deferred-leveldown": {
      "version": "6.0.0",
      "resolved": "https://registry.nlark.com/deferred-leveldown/download/deferred-leveldown-6.0.0.tgz",
      "integrity": "sha1-Nk3ENmguzL1KJaX9VYVhR3DQ09Y=",
      "requires": {
        "abstract-leveldown": "^7.0.0",
        "inherits": "^2.0.3"
      }
    },
    "encoding-down": {
      "version": "7.0.0",
      "resolved": "https://registry.nlark.com/encoding-down/download/encoding-down-7.0.0.tgz",
      "integrity": "sha1-YzV+D0S0qFZk2VOb1xFQDacPDGM=",
      "requires": {
        "abstract-leveldown": "^7.0.0",
        "inherits": "^2.0.3",
        "level-codec": "^10.0.0",
        "level-errors": "^3.0.0"
      }
    },
    "errno": {
      "version": "1.0.0",
      "resolved": "https://registry.nlark.com/errno/download/errno-1.0.0.tgz",
      "integrity": "sha1-DqR9cBhkrM+ZZBLwnim03CzzhW0=",
      "requires": {
        "prr": "~1.0.1"
      }
    },
    "ieee754": {
      "version": "1.2.1",
      "resolved": "https://registry.nlark.com/ieee754/download/ieee754-1.2.1.tgz",
      "integrity": "sha1-jrehCmP/8l0VpXsAFYbRd9Gw01I="
    },
    "inherits": {
      "version": "2.0.4",
      "resolved": "https://registry.nlark.com/inherits/download/inherits-2.0.4.tgz",
      "integrity": "sha1-D6LGT5MpF8NDOg3tVTY6rjdBa3w="
    },
    "is-buffer": {
      "version": "2.0.5",
      "resolved": "https://registry.nlark.com/is-buffer/download/is-buffer-2.0.5.tgz",
      "integrity": "sha1-68JS5ADSL/jXf6CYiIIaJKZYwZE="
    },
    "level": {
      "version": "7.0.0",
      "resolved": "https://registry.nlark.com/level/download/level-7.0.0.tgz",
      "integrity": "sha1-EPotWgs7IamdM+kwfJLBJwJD0c4=",
      "requires": {
        "level-js": "^6.0.0",
        "level-packager": "^6.0.0",
        "leveldown": "^6.0.0"
      }
    },
    "level-codec": {
      "version": "10.0.0",
      "resolved": "https://registry.nlark.com/level-codec/download/level-codec-10.0.0.tgz",
      "integrity": "sha1-+eiSdwUyxs3Mg1KVRnMHkbDGLBI=",
      "requires": {
        "buffer": "^6.0.3"
      }
    },
    "level-concat-iterator": {
      "version": "3.0.0",
      "resolved": "https://registry.nlark.com/level-concat-iterator/download/level-concat-iterator-3.0.0.tgz",
      "integrity": "sha1-QW3a8MLtg08AaqMSTuaJButHadQ="
    },
    "level-errors": {
      "version": "3.0.0",
      "resolved": "https://registry.nlark.com/level-errors/download/level-errors-3.0.0.tgz",
      "integrity": "sha1-VxnyrZBh2fK9fPIuSn3viT5tLmA=",
      "requires": {
        "errno": "^1.0.0"
      }
    },
    "level-iterator-stream": {
      "version": "5.0.0",
      "resolved": "https://registry.nlark.com/level-iterator-stream/download/level-iterator-stream-5.0.0.tgz",
      "integrity": "sha1-hbNDjhtMVM5aqMDrlzz7YoEX354=",
      "requires": {
        "inherits": "^2.0.4",
        "readable-stream": "^3.4.0"
      }
    },
    "level-js": {
      "version": "6.0.0",
      "resolved": "https://registry.nlark.com/level-js/download/level-js-6.0.0.tgz",
      "integrity": "sha1-H6/w65LKNORWXR97ynAmmJhVYls=",
      "requires": {
        "abstract-leveldown": "^7.0.0",
        "buffer": "^6.0.3",
        "inherits": "^2.0.3",
        "ltgt": "^2.1.2"
      }
    },
    "level-packager": {
      "version": "6.0.0",
      "resolved": "https://registry.nlark.com/level-packager/download/level-packager-6.0.0.tgz",
      "integrity": "sha1-GIHgYtLcaUzogQGzIS0375Cqepk=",
      "requires": {
        "encoding-down": "^7.0.0",
        "levelup": "^5.0.0"
      }
    },
    "level-supports": {
      "version": "2.0.0",
      "resolved": "https://registry.nlark.com/level-supports/download/level-supports-2.0.0.tgz",
      "integrity": "sha1-sLn2PzDEF1+yYSIXFE8D87d1gNk="
    },
    "leveldown": {
      "version": "6.0.0",
      "resolved": "https://registry.nlark.com/leveldown/download/leveldown-6.0.0.tgz",
      "integrity": "sha1-PsfwBGPEX498jmgkjRCrKZBZx8o=",
      "requires": {
        "abstract-leveldown": "^7.0.0",
        "napi-macros": "~2.0.0",
        "node-gyp-build": "~4.2.1"
      }
    },
    "levelup": {
      "version": "5.0.1",
      "resolved": "https://registry.nlark.com/levelup/download/levelup-5.0.1.tgz",
      "integrity": "sha1-qHHDywlD9PwCgLxNccXWCVCw1XA=",
      "requires": {
        "catering": "^2.0.0",
        "deferred-leveldown": "^6.0.0",
        "level-errors": "^3.0.0",
        "level-iterator-stream": "^5.0.0",
        "level-supports": "^2.0.0",
        "queue-microtask": "^1.2.3"
      }
    },
    "ltgt": {
      "version": "2.2.1",
      "resolved": "https://registry.nlark.com/ltgt/download/ltgt-2.2.1.tgz",
      "integrity": "sha1-81ypHEk/e3PaDgdJUwTxezH4fuU="
    },
    "napi-macros": {
      "version": "2.0.0",
      "resolved": "https://registry.nlark.com/napi-macros/download/napi-macros-2.0.0.tgz",
      "integrity": "sha1-K2uuQh57lutoeqbHenhYZAZwABs="
    },
    "node-gyp-build": {
      "version": "4.2.3",
      "resolved": "https://registry.nlark.com/node-gyp-build/download/node-gyp-build-4.2.3.tgz",
      "integrity": "sha1-zmJ3+FODX3GIKe+0fbIPPk2cRzk="
    },
    "prr": {
      "version": "1.0.1",
      "resolved": "https://registry.nlark.com/prr/download/prr-1.0.1.tgz?cache=0&sync_timestamp=1621222651852&other_urls=https%3A%2F%2Fregistry.nlark.com%2Fprr%2Fdownload%2Fprr-1.0.1.tgz",
      "integrity": "sha1-0/wRS6BplaRexok/SEzrHXj19HY="
    },
    "queue-microtask": {
      "version": "1.2.3",
      "resolved": "https://registry.nlark.com/queue-microtask/download/queue-microtask-1.2.3.tgz",
      "integrity": "sha1-SSkii7xyTfrEPg77BYyve2z7YkM="
    },
    "readable-stream": {
      "version": "3.6.0",
      "resolved": "https://registry.nlark.com/readable-stream/download/readable-stream-3.6.0.tgz",
      "integrity": "sha1-M3u9o63AcGvT4CRCaihtS0sskZg=",
      "requires": {
        "inherits": "^2.0.3",
        "string_decoder": "^1.1.1",
        "util-deprecate": "^1.0.1"
      }
    },
    "safe-buffer": {
      "version": "5.2.1",
      "resolved": "https://registry.nlark.com/safe-buffer/download/safe-buffer-5.2.1.tgz",
      "integrity": "sha1-Hq+fqb2x/dTsdfWPnNtOa3gn7sY="
    },
    "string_decoder": {
      "version": "1.3.0",
      "resolved": "https://registry.nlark.com/string_decoder/download/string_decoder-1.3.0.tgz",
      "integrity": "sha1-QvEUWUpGzxqOMLCoT1bHjD7awh4=",
      "requires": {
        "safe-buffer": "~5.2.0"
      }
    },
    "util-deprecate": {
      "version": "1.0.2",
      "resolved": "https://registry.npm.taobao.org/util-deprecate/download/util-deprecate-1.0.2.tgz",
      "integrity": "sha1-RQ1Nyfpw3nMnYvvS1KKJgUGaDM8="
    }
  }
}
